// !$*UTF8*$!
{
	archiveVersion = 1;
	classes = {
	};
	objectVersion = 50;
	objects = {

/* Begin PBXBuildFile section */
		040C96482149BA83008DDCAD /* AppDelegate.swift in Sources */ = {isa = PBXBuildFile; fileRef = 040C96472149BA83008DDCAD /* AppDelegate.swift */; };
		040C964A2149BA83008DDCAD /* ViewController.swift in Sources */ = {isa = PBXBuildFile; fileRef = 040C96492149BA83008DDCAD /* ViewController.swift */; };
		040C964D2149BA83008DDCAD /* Main.storyboard in Resources */ = {isa = PBXBuildFile; fileRef = 040C964B2149BA83008DDCAD /* Main.storyboard */; };
		040C964F2149BA88008DDCAD /* Assets.xcassets in Resources */ = {isa = PBXBuildFile; fileRef = 040C964E2149BA88008DDCAD /* Assets.xcassets */; };
		040C96522149BA88008DDCAD /* LaunchScreen.storyboard in Resources */ = {isa = PBXBuildFile; fileRef = 040C96502149BA88008DDCAD /* LaunchScreen.storyboard */; };
		040C965D2149BA89008DDCAD /* AppRadio_iOSTests.swift in Sources */ = {isa = PBXBuildFile; fileRef = 040C965C2149BA89008DDCAD /* AppRadio_iOSTests.swift */; };
		040C96682149BA89008DDCAD /* AppRadio_iOSUITests.swift in Sources */ = {isa = PBXBuildFile; fileRef = 040C96672149BA89008DDCAD /* AppRadio_iOSUITests.swift */; };
/* End PBXBuildFile section */

/* Begin PBXContainerItemProxy section */
		040C96592149BA89008DDCAD /* PBXContainerItemProxy */ = {
			isa = PBXContainerItemProxy;
			containerPortal = 040C963C2149BA83008DDCAD /* Project object */;
			proxyType = 1;
			remoteGlobalIDString = 040C96432149BA83008DDCAD;
			remoteInfo = "AppRadio-iOS";
		};
		040C96642149BA89008DDCAD /* PBXContainerItemProxy */ = {
			isa = PBXContainerItemProxy;
			containerPortal = 040C963C2149BA83008DDCAD /* Project object */;
			proxyType = 1;
			remoteGlobalIDString = 040C96432149BA83008DDCAD;
			remoteInfo = "AppRadio-iOS";
		};
/* End PBXContainerItemProxy section */

/* Begin PBXFileReference section */
		040C96442149BA83008DDCAD /* AppRadio-iOS.app */ = {isa = PBXFileReference; explicitFileType = wrapper.application; includeInIndex = 0; path = "AppRadio-iOS.app"; sourceTree = BUILT_PRODUCTS_DIR; };
		040C96472149BA83008DDCAD /* AppDelegate.swift */ = {isa = PBXFileReference; lastKnownFileType = sourcecode.swift; path = AppDelegate.swift; sourceTree = "<group>"; };
		040C96492149BA83008DDCAD /* ViewController.swift */ = {isa = PBXFileReference; lastKnownFileType = sourcecode.swift; path = ViewController.swift; sourceTree = "<group>"; };
		040C964C2149BA83008DDCAD /* Base */ = {isa = PBXFileReference; lastKnownFileType = file.storyboard; name = Base; path = Base.lproj/Main.storyboard; sourceTree = "<group>"; };
		040C964E2149BA88008DDCAD /* Assets.xcassets */ = {isa = PBXFileReference; lastKnownFileType = folder.assetcatalog; path = Assets.xcassets; sourceTree = "<group>"; };
		040C96512149BA88008DDCAD /* Base */ = {isa = PBXFileReference; lastKnownFileType = file.storyboard; name = Base; path = Base.lproj/LaunchScreen.storyboard; sourceTree = "<group>"; };
		040C96532149BA88008DDCAD /* Info.plist */ = {isa = PBXFileReference; lastKnownFileType = text.plist.xml; path = Info.plist; sourceTree = "<group>"; };
		040C96582149BA89008DDCAD /* AppRadio-iOSTests.xctest */ = {isa = PBXFileReference; explicitFileType = wrapper.cfbundle; includeInIndex = 0; path = "AppRadio-iOSTests.xctest"; sourceTree = BUILT_PRODUCTS_DIR; };
		040C965C2149BA89008DDCAD /* AppRadio_iOSTests.swift */ = {isa = PBXFileReference; lastKnownFileType = sourcecode.swift; path = AppRadio_iOSTests.swift; sourceTree = "<group>"; };
		040C965E2149BA89008DDCAD /* Info.plist */ = {isa = PBXFileReference; lastKnownFileType = text.plist.xml; path = Info.plist; sourceTree = "<group>"; };
		040C96632149BA89008DDCAD /* AppRadio-iOSUITests.xctest */ = {isa = PBXFileReference; explicitFileType = wrapper.cfbundle; includeInIndex = 0; path = "AppRadio-iOSUITests.xctest"; sourceTree = BUILT_PRODUCTS_DIR; };
		040C96672149BA89008DDCAD /* AppRadio_iOSUITests.swift */ = {isa = PBXFileReference; lastKnownFileType = sourcecode.swift; path = AppRadio_iOSUITests.swift; sourceTree = "<group>"; };
		040C96692149BA89008DDCAD /* Info.plist */ = {isa = PBXFileReference; lastKnownFileType = text.plist.xml; path = Info.plist; sourceTree = "<group>"; };
/* End PBXFileReference section */

/* Begin PBXFrameworksBuildPhase section */
		040C96412149BA83008DDCAD /* Frameworks */ = {
			isa = PBXFrameworksBuildPhase;
			buildActionMask = 2147483647;
			files = (
			);
			runOnlyForDeploymentPostprocessing = 0;
		};
		040C96552149BA89008DDCAD /* Frameworks */ = {
			isa = PBXFrameworksBuildPhase;
			buildActionMask = 2147483647;
			files = (
			);
			runOnlyForDeploymentPostprocessing = 0;
		};
		040C96602149BA89008DDCAD /* Frameworks */ = {
			isa = PBXFrameworksBuildPhase;
			buildActionMask = 2147483647;
			files = (
			);
			runOnlyForDeploymentPostprocessing = 0;
		};
/* End PBXFrameworksBuildPhase section */

/* Begin PBXGroup section */
		040C963B2149BA83008DDCAD = {
			isa = PBXGroup;
			children = (
				040C96462149BA83008DDCAD /* AppRadio-iOS */,
				040C965B2149BA89008DDCAD /* AppRadio-iOSTests */,
				040C96662149BA89008DDCAD /* AppRadio-iOSUITests */,
				040C96452149BA83008DDCAD /* Products */,
			);
			sourceTree = "<group>";
		};
		040C96452149BA83008DDCAD /* Products */ = {
			isa = PBXGroup;
			children = (
				040C96442149BA83008DDCAD /* AppRadio-iOS.app */,
				040C96582149BA89008DDCAD /* AppRadio-iOSTests.xctest */,
				040C96632149BA89008DDCAD /* AppRadio-iOSUITests.xctest */,
			);
			name = Products;
			sourceTree = "<group>";
		};
		040C96462149BA83008DDCAD /* AppRadio-iOS */ = {
			isa = PBXGroup;
			children = (
				040C96472149BA83008DDCAD /* AppDelegate.swift */,
				040C96492149BA83008DDCAD /* ViewController.swift */,
				040C964B2149BA83008DDCAD /* Main.storyboard */,
				040C964E2149BA88008DDCAD /* Assets.xcassets */,
				040C96502149BA88008DDCAD /* LaunchScreen.storyboard */,
				040C96532149BA88008DDCAD /* Info.plist */,
			);
			path = "AppRadio-iOS";
			sourceTree = "<group>";
		};
		040C965B2149BA89008DDCAD /* AppRadio-iOSTests */ = {
			isa = PBXGroup;
			children = (
				040C965C2149BA89008DDCAD /* AppRadio_iOSTests.swift */,
				040C965E2149BA89008DDCAD /* Info.plist */,
			);
			path = "AppRadio-iOSTests";
			sourceTree = "<group>";
		};
		040C96662149BA89008DDCAD /* AppRadio-iOSUITests */ = {
			isa = PBXGroup;
			children = (
				040C96672149BA89008DDCAD /* AppRadio_iOSUITests.swift */,
				040C96692149BA89008DDCAD /* Info.plist */,
			);
			path = "AppRadio-iOSUITests";
			sourceTree = "<group>";
		};
/* End PBXGroup section */

/* Begin PBXNativeTarget section */
		040C96432149BA83008DDCAD /* AppRadio-iOS */ = {
			isa = PBXNativeTarget;
			buildConfigurationList = 040C966C2149BA89008DDCAD /* Build configuration list for PBXNativeTarget "AppRadio-iOS" */;
			buildPhases = (
				040C96402149BA83008DDCAD /* Sources */,
				040C96412149BA83008DDCAD /* Frameworks */,
				040C96422149BA83008DDCAD /* Resources */,
			);
			buildRules = (
			);
			dependencies = (
			);
			name = "AppRadio-iOS";
			productName = "AppRadio-iOS";
			productReference = 040C96442149BA83008DDCAD /* AppRadio-iOS.app */;
			productType = "com.apple.product-type.application";
		};
		040C96572149BA89008DDCAD /* AppRadio-iOSTests */ = {
			isa = PBXNativeTarget;
			buildConfigurationList = 040C966F2149BA89008DDCAD /* Build configuration list for PBXNativeTarget "AppRadio-iOSTests" */;
			buildPhases = (
				040C96542149BA89008DDCAD /* Sources */,
				040C96552149BA89008DDCAD /* Frameworks */,
				040C96562149BA89008DDCAD /* Resources */,
			);
			buildRules = (
			);
			dependencies = (
				040C965A2149BA89008DDCAD /* PBXTargetDependency */,
			);
			name = "AppRadio-iOSTests";
			productName = "AppRadio-iOSTests";
			productReference = 040C96582149BA89008DDCAD /* AppRadio-iOSTests.xctest */;
			productType = "com.apple.product-type.bundle.unit-test";
		};
		040C96622149BA89008DDCAD /* AppRadio-iOSUITests */ = {
			isa = PBXNativeTarget;
			buildConfigurationList = 040C96722149BA89008DDCAD /* Build configuration list for PBXNativeTarget "AppRadio-iOSUITests" */;
			buildPhases = (
				040C965F2149BA89008DDCAD /* Sources */,
				040C96602149BA89008DDCAD /* Frameworks */,
				040C96612149BA89008DDCAD /* Resources */,
			);
			buildRules = (
			);
			dependencies = (
				040C96652149BA89008DDCAD /* PBXTargetDependency */,
			);
			name = "AppRadio-iOSUITests";
			productName = "AppRadio-iOSUITests";
			productReference = 040C96632149BA89008DDCAD /* AppRadio-iOSUITests.xctest */;
			productType = "com.apple.product-type.bundle.ui-testing";
		};
/* End PBXNativeTarget section */

/* Begin PBXProject section */
		040C963C2149BA83008DDCAD /* Project object */ = {
			isa = PBXProject;
			attributes = {
				LastSwiftUpdateCheck = 0940;
				LastUpgradeCheck = 0940;
				ORGANIZATIONNAME = INNOVASYSTEM;
				TargetAttributes = {
					040C96432149BA83008DDCAD = {
						CreatedOnToolsVersion = 9.4.1;
					};
					040C96572149BA89008DDCAD = {
						CreatedOnToolsVersion = 9.4.1;
						TestTargetID = 040C96432149BA83008DDCAD;
					};
					040C96622149BA89008DDCAD = {
						CreatedOnToolsVersion = 9.4.1;
						TestTargetID = 040C96432149BA83008DDCAD;
					};
				};
			};
			buildConfigurationList = 040C963F2149BA83008DDCAD /* Build configuration list for PBXProject "AppRadio-iOS" */;
			compatibilityVersion = "Xcode 9.3";
			developmentRegion = en;
			hasScannedForEncodings = 0;
			knownRegions = (
				en,
				Base,
			);
			mainGroup = 040C963B2149BA83008DDCAD;
			productRefGroup = 040C96452149BA83008DDCAD /* Products */;
			projectDirPath = "";
			projectRoot = "";
			targets = (
				040C96432149BA83008DDCAD /* AppRadio-iOS */,
				040C96572149BA89008DDCAD /* AppRadio-iOSTests */,
				040C96622149BA89008DDCAD /* AppRadio-iOSUITests */,
			);
		};
/* End PBXProject section */

/* Begin PBXResourcesBuildPhase section */
		040C96422149BA83008DDCAD /* Resources */ = {
			isa = PBXResourcesBuildPhase;
			buildActionMask = 2147483647;
			files = (
				040C96522149BA88008DDCAD /* LaunchScreen.storyboard in Resources */,
				040C964F2149BA88008DDCAD /* Assets.xcassets in Resources */,
				040C964D2149BA83008DDCAD /* Main.storyboard in Resources */,
			);
			runOnlyForDeploymentPostprocessing = 0;
		};
		040C96562149BA89008DDCAD /* Resources */ = {
			isa = PBXResourcesBuildPhase;
			buildActionMask = 2147483647;
			files = (
			);
			runOnlyForDeploymentPostprocessing = 0;
		};
		040C96612149BA89008DDCAD /* Resources */ = {
			isa = PBXResourcesBuildPhase;
			buildActionMask = 2147483647;
			files = (
			);
			runOnlyForDeploymentPostprocessing = 0;
		};
/* End PBXResourcesBuildPhase section */

/* Begin PBXSourcesBuildPhase section */
		040C96402149BA83008DDCAD /* Sources */ = {
			isa = PBXSourcesBuildPhase;
			buildActionMask = 2147483647;
			files = (
				040C964A2149BA83008DDCAD /* ViewController.swift in Sources */,
				040C96482149BA83008DDCAD /* AppDelegate.swift in Sources */,
			);
			runOnlyForDeploymentPostprocessing = 0;
		};
		040C96542149BA89008DDCAD /* Sources */ = {
			isa = PBXSourcesBuildPhase;
			buildActionMask = 2147483647;
			files = (
				040C965D2149BA89008DDCAD /* AppRadio_iOSTests.swift in Sources */,
			);
			runOnlyForDeploymentPostprocessing = 0;
		};
		040C965F2149BA89008DDCAD /* Sources */ = {
			isa = PBXSourcesBuildPhase;
			buildActionMask = 2147483647;
			files = (
				040C96682149BA89008DDCAD /* AppRadio_iOSUITests.swift in Sources */,
			);
			runOnlyForDeploymentPostprocessing = 0;
		};
/* End PBXSourcesBuildPhase section */

/* Begin PBXTargetDependency section */
		040C965A2149BA89008DDCAD /* PBXTargetDependency */ = {
			isa = PBXTargetDependency;
			target = 040C96432149BA83008DDCAD /* AppRadio-iOS */;
			targetProxy = 040C96592149BA89008DDCAD /* PBXContainerItemProxy */;
		};
		040C96652149BA89008DDCAD /* PBXTargetDependency */ = {
			isa = PBXTargetDependency;
			target = 040C96432149BA83008DDCAD /* AppRadio-iOS */;
			targetProxy = 040C96642149BA89008DDCAD /* PBXContainerItemProxy */;
		};
/* End PBXTargetDependency section */

/* Begin PBXVariantGroup section */
		040C964B2149BA83008DDCAD /* Main.storyboard */ = {
			isa = PBXVariantGroup;
			children = (
				040C964C2149BA83008DDCAD /* Base */,
			);
			name = Main.storyboard;
			sourceTree = "<group>";
		};
		040C96502149BA88008DDCAD /* LaunchScreen.storyboard */ = {
			isa = PBXVariantGroup;
			children = (
				040C96512149BA88008DDCAD /* Base */,
			);
			name = LaunchScreen.storyboard;
			sourceTree = "<group>";
		};
/* End PBXVariantGroup section */

/* Begin XCBuildConfiguration section */
		040C966A2149BA89008DDCAD /* Debug */ = {
			isa = XCBuildConfiguration;
			buildSettings = {
				ALWAYS_SEARCH_USER_PATHS = NO;
				CLANG_ANALYZER_NONNULL = YES;
				CLANG_ANALYZER_NUMBER_OBJECT_CONVERSION = YES_AGGRESSIVE;
				CLANG_CXX_LANGUAGE_STANDARD = "gnu++14";
				CLANG_CXX_LIBRARY = "libc++";
				CLANG_ENABLE_MODULES = YES;
				CLANG_ENABLE_OBJC_ARC = YES;
				CLANG_ENABLE_OBJC_WEAK = YES;
				CLANG_WARN_BLOCK_CAPTURE_AUTORELEASING = YES;
				CLANG_WARN_BOOL_CONVERSION = YES;
				CLANG_WARN_COMMA = YES;
				CLANG_WARN_CONSTANT_CONVERSION = YES;
				CLANG_WARN_DEPRECATED_OBJC_IMPLEMENTATIONS = YES;
				CLANG_WARN_DIRECT_OBJC_ISA_USAGE = YES_ERROR;
				CLANG_WARN_DOCUMENTATION_COMMENTS = YES;
				CLANG_WARN_EMPTY_BODY = YES;
				CLANG_WARN_ENUM_CONVERSION = YES;
				CLANG_WARN_INFINITE_RECURSION = YES;
				CLANG_WARN_INT_CONVERSION = YES;
				CLANG_WARN_NON_LITERAL_NULL_CONVERSION = YES;
				CLANG_WARN_OBJC_IMPLICIT_RETAIN_SELF = YES;
				CLANG_WARN_OBJC_LITERAL_CONVERSION = YES;
				CLANG_WARN_OBJC_ROOT_CLASS = YES_ERROR;
				CLANG_WARN_RANGE_LOOP_ANALYSIS = YES;
				CLANG_WARN_STRICT_PROTOTYPES = YES;
				CLANG_WARN_SUSPICIOUS_MOVE = YES;
				CLANG_WARN_UNGUARDED_AVAILABILITY = YES_AGGRESSIVE;
				CLANG_WARN_UNREACHABLE_CODE = YES;
				CLANG_WARN__DUPLICATE_METHOD_MATCH = YES;
				CODE_SIGN_IDENTITY = "iPhone Developer";
				COPY_PHASE_STRIP = NO;
				DEBUG_INFORMATION_FORMAT = dwarf;
				ENABLE_STRICT_OBJC_MSGSEND = YES;
				ENABLE_TESTABILITY = YES;
				GCC_C_LANGUAGE_STANDARD = gnu11;
				GCC_DYNAMIC_NO_PIC = NO;
				GCC_NO_COMMON_BLOCKS = YES;
				GCC_OPTIMIZATION_LEVEL = 0;
				GCC_PREPROCESSOR_DEFINITIONS = (
					"DEBUG=1",
					"$(inherited)",
				);
				GCC_WARN_64_TO_32_BIT_CONVERSION = YES;
				GCC_WARN_ABOUT_RETURN_TYPE = YES_ERROR;
				GCC_WARN_UNDECLARED_SELECTOR = YES;
				GCC_WARN_UNINITIALIZED_AUTOS = YES_AGGRESSIVE;
				GCC_WARN_UNUSED_FUNCTION = YES;
				GCC_WARN_UNUSED_VARIABLE = YES;
				IPHONEOS_DEPLOYMENT_TARGET = 11.4;
				MTL_ENABLE_DEBUG_INFO = YES;
				ONLY_ACTIVE_ARCH = YES;
				SDKROOT = iphoneos;
				SWIFT_ACTIVE_COMPILATION_CONDITIONS = DEBUG;
				SWIFT_OPTIMIZATION_LEVEL = "-Onone";
			};
			name = Debug;
		};
		040C966B2149BA89008DDCAD /* Release */ = {
			isa = XCBuildConfiguration;
			buildSettings = {
				ALWAYS_SEARCH_USER_PATHS = NO;
				CLANG_ANALYZER_NONNULL = YES;
				CLANG_ANALYZER_NUMBER_OBJECT_CONVERSION = YES_AGGRESSIVE;
				CLANG_CXX_LANGUAGE_STANDARD = "gnu++14";
				CLANG_CXX_LIBRARY = "libc++";
				CLANG_ENABLE_MODULES = YES;
				CLANG_ENABLE_OBJC_ARC = YES;
				CLANG_ENABLE_OBJC_WEAK = YES;
				CLANG_WARN_BLOCK_CAPTURE_AUTORELEASING = YES;
				CLANG_WARN_BOOL_CONVERSION = YES;
				CLANG_WARN_COMMA = YES;
				CLANG_WARN_CONSTANT_CONVERSION = YES;
				CLANG_WARN_DEPRECATED_OBJC_IMPLEMENTATIONS = YES;
				CLANG_WARN_DIRECT_OBJC_ISA_USAGE = YES_ERROR;
				CLANG_WARN_DOCUMENTATION_COMMENTS = YES;
				CLANG_WARN_EMPTY_BODY = YES;
				CLANG_WARN_ENUM_CONVERSION = YES;
				CLANG_WARN_INFINITE_RECURSION = YES;
				CLANG_WARN_INT_CONVERSION = YES;
				CLANG_WARN_NON_LITERAL_NULL_CONVERSION = YES;
				CLANG_WARN_OBJC_IMPLICIT_RETAIN_SELF = YES;
				CLANG_WARN_OBJC_LITERAL_CONVERSION = YES;
				CLANG_WARN_OBJC_ROOT_CLASS = YES_ERROR;
				CLANG_WARN_RANGE_LOOP_ANALYSIS = YES;
				CLANG_WARN_STRICT_PROTOTYPES = YES;
				CLANG_WARN_SUSPICIOUS_MOVE = YES;
				CLANG_WARN_UNGUARDED_AVAILABILITY = YES_AGGRESSIVE;
				CLANG_WARN_UNREACHABLE_CODE = YES;
				CLANG_WARN__DUPLICATE_METHOD_MATCH = YES;
				CODE_SIGN_IDENTITY = "iPhone Developer";
				COPY_PHASE_STRIP = NO;
				DEBUG_INFORMATION_FORMAT = "dwarf-with-dsym";
				ENABLE_NS_ASSERTIONS = NO;
				ENABLE_STRICT_OBJC_MSGSEND = YES;
				GCC_C_LANGUAGE_STANDARD = gnu11;
				GCC_NO_COMMON_BLOCKS = YES;
				GCC_WARN_64_TO_32_BIT_CONVERSION = YES;
				GCC_WARN_ABOUT_RETURN_TYPE = YES_ERROR;
				GCC_WARN_UNDECLARED_SELECTOR = YES;
				GCC_WARN_UNINITIALIZED_AUTOS = YES_AGGRESSIVE;
				GCC_WARN_UNUSED_FUNCTION = YES;
				GCC_WARN_UNUSED_VARIABLE = YES;
				IPHONEOS_DEPLOYMENT_TARGET = 11.4;
				MTL_ENABLE_DEBUG_INFO = NO;
				SDKROOT = iphoneos;
				SWIFT_COMPILATION_MODE = wholemodule;
				SWIFT_OPTIMIZATION_LEVEL = "-O";
				VALIDATE_PRODUCT = YES;
			};
			name = Release;
		};
		040C966D2149BA89008DDCAD /* Debug */ = {
			isa = XCBuildConfiguration;
			buildSettings = {
				ASSETCATALOG_COMPILER_APPICON_NAME = AppIcon;
				CODE_SIGN_STYLE = Automatic;
				INFOPLIST_FILE = "AppRadio-iOS/Info.plist";
				LD_RUNPATH_SEARCH_PATHS = (
					"$(inherited)",
					"@executable_path/Frameworks",
				);
				PRODUCT_BUNDLE_IDENTIFIER = "INNOVASYSTEM.AppRadio-iOS";
				PRODUCT_NAME = "$(TARGET_NAME)";
				SWIFT_VERSION = 4.0;
				TARGETED_DEVICE_FAMILY = "1,2";
			};
			name = Debug;
		};
		040C966E2149BA89008DDCAD /* Release */ = {
			isa = XCBuildConfiguration;
			buildSettings = {
				ASSETCATALOG_COMPILER_APPICON_NAME = AppIcon;
				CODE_SIGN_STYLE = Automatic;
				INFOPLIST_FILE = "AppRadio-iOS/Info.plist";
				LD_RUNPATH_SEARCH_PATHS = (
					"$(inherited)",
					"@executable_path/Frameworks",
				);
				PRODUCT_BUNDLE_IDENTIFIER = "INNOVASYSTEM.AppRadio-iOS";
				PRODUCT_NAME = "$(TARGET_NAME)";
				SWIFT_VERSION = 4.0;
				TARGETED_DEVICE_FAMILY = "1,2";
			};
			name = Release;
		};
		040C96702149BA89008DDCAD /* Debug */ = {
			isa = XCBuildConfiguration;
			buildSettings = {
				ALWAYS_EMBED_SWIFT_STANDARD_LIBRARIES = YES;
				BUNDLE_LOADER = "$(TEST_HOST)";
				CODE_SIGN_STYLE = Automatic;
				INFOPLIST_FILE = "AppRadio-iOSTests/Info.plist";
				LD_RUNPATH_SEARCH_PATHS = (
					"$(inherited)",
					"@executable_path/Frameworks",
					"@loader_path/Frameworks",
				);
				PRODUCT_BUNDLE_IDENTIFIER = "INNOVASYSTEM.AppRadio-iOSTests";
				PRODUCT_NAME = "$(TARGET_NAME)";
				SWIFT_VERSION = 4.0;
				TARGETED_DEVICE_FAMILY = "1,2";
				TEST_HOST = "$(BUILT_PRODUCTS_DIR)/AppRadio-iOS.app/AppRadio-iOS";
			};
			name = Debug;
		};
		040C96712149BA89008DDCAD /* Release */ = {
			isa = XCBuildConfiguration;
			buildSettings = {
				ALWAYS_EMBED_SWIFT_STANDARD_LIBRARIES = YES;
				BUNDLE_LOADER = "$(TEST_HOST)";
				CODE_SIGN_STYLE = Automatic;
				INFOPLIST_FILE = "AppRadio-iOSTests/Info.plist";
				LD_RUNPATH_SEARCH_PATHS = (
					"$(inherited)",
					"@executable_path/Frameworks",
					"@loader_path/Frameworks",
				);
				PRODUCT_BUNDLE_IDENTIFIER = "INNOVASYSTEM.AppRadio-iOSTests";
				PRODUCT_NAME = "$(TARGET_NAME)";
				SWIFT_VERSION = 4.0;
				TARGETED_DEVICE_FAMILY = "1,2";
				TEST_HOST = "$(BUILT_PRODUCTS_DIR)/AppRadio-iOS.app/AppRadio-iOS";
			};
			name = Release;
		};
		040C96732149BA89008DDCAD /* Debug */ = {
			isa = XCBuildConfiguration;
			buildSettings = {
				ALWAYS_EMBED_SWIFT_STANDARD_LIBRARIES = YES;
				CODE_SIGN_STYLE = Automatic;
				INFOPLIST_FILE = "AppRadio-iOSUITests/Info.plist";
				LD_RUNPATH_SEARCH_PATHS = (
					"$(inherited)",
					"@executable_path/Frameworks",
					"@loader_path/Frameworks",
				);
				PRODUCT_BUNDLE_IDENTIFIER = "INNOVASYSTEM.AppRadio-iOSUITests";
				PRODUCT_NAME = "$(TARGET_NAME)";
				SWIFT_VERSION = 4.0;
				TARGETED_DEVICE_FAMILY = "1,2";
				TEST_TARGET_NAME = "AppRadio-iOS";
			};
			name = Debug;
		};
		040C96742149BA89008DDCAD /* Release */ = {
			isa = XCBuildConfiguration;
			buildSettings = {
				ALWAYS_EMBED_SWIFT_STANDARD_LIBRARIES = YES;
				CODE_SIGN_STYLE = Automatic;
				INFOPLIST_FILE = "AppRadio-iOSUITests/Info.plist";
				LD_RUNPATH_SEARCH_PATHS = (
					"$(inherited)",
					"@executable_path/Frameworks",
					"@loader_path/Frameworks",
				);
				PRODUCT_BUNDLE_IDENTIFIER = "INNOVASYSTEM.AppRadio-iOSUITests";
				PRODUCT_NAME = "$(TARGET_NAME)";
				SWIFT_VERSION = 4.0;
				TARGETED_DEVICE_FAMILY = "1,2";
				TEST_TARGET_NAME = "AppRadio-iOS";
			};
			name = Release;
		};
/* End XCBuildConfiguration section */

/* Begin XCConfigurationList section */
		040C963F2149BA83008DDCAD /* Build configuration list for PBXProject "AppRadio-iOS" */ = {
			isa = XCConfigurationList;
			buildConfigurations = (
				040C966A2149BA89008DDCAD /* Debug */,
				040C966B2149BA89008DDCAD /* Release */,
			);
			defaultConfigurationIsVisible = 0;
			defaultConfigurationName = Release;
		};
		040C966C2149BA89008DDCAD /* Build configuration list for PBXNativeTarget "AppRadio-iOS" */ = {
			isa = XCConfigurationList;
			buildConfigurations = (
				040C966D2149BA89008DDCAD /* Debug */,
				040C966E2149BA89008DDCAD /* Release */,
			);
			defaultConfigurationIsVisible = 0;
			defaultConfigurationName = Release;
		};
		040C966F2149BA89008DDCAD /* Build configuration list for PBXNativeTarget "AppRadio-iOSTests" */ = {
			isa = XCConfigurationList;
			buildConfigurations = (
				040C96702149BA89008DDCAD /* Debug */,
				040C96712149BA89008DDCAD /* Release */,
			);
			defaultConfigurationIsVisible = 0;
			defaultConfigurationName = Release;
		};
		040C96722149BA89008DDCAD /* Build configuration list for PBXNativeTarget "AppRadio-iOSUITests" */ = {
			isa = XCConfigurationList;
			buildConfigurations = (
				040C96732149BA89008DDCAD /* Debug */,
				040C96742149BA89008DDCAD /* Release */,
			);
			defaultConfigurationIsVisible = 0;
			defaultConfigurationName = Release;
		};
/* End XCConfigurationList section */
	};
	rootObject = 040C963C2149BA83008DDCAD /* Project object */;
}
